
Microsoft Visual Studio Solution File, Format Version 12.00
# Visual Studio 15
VisualStudioVersion = 15.0.26430.12
MinimumVisualStudioVersion = 10.0.40219.1
Project("{FAE04EC0-301F-11D3-BF4B-00C04F79EFBC}") = "V-TeasPhotos-S", "V-TeasPhotos-S\V-TeasPhotos-S.csproj", "{FBF7D48F-D1C3-4B62-B880-2DC0AF65D90C}"
EndProject
Project("{FAE04EC0-301F-11D3-BF4B-00C04F79EFBC}") = "V-SentenceTheThief-S", "V-SentenceTheThief-S\V-SentenceTheThief-S.csproj", "{CC7A3A49-CA95-406F-9E31-9D80680D0819}"
EndProject
Project("{FAE04EC0-301F-11D3-BF4B-00C04F79EFBC}") = "V-BeerKegs-S", "V-BeerKegs-S\V-BeerKegs-S.csproj", "{75F4FADC-A63A-4F5F-A984-CEFB23064D6F}"
EndProject
Project("{FAE04EC0-301F-11D3-BF4B-00C04F79EFBC}") = "V-BracketsBalacne-S", "V-BracketsBalacne-S\V-BracketsBalacne-S.csproj", "{5D2BF378-F8AD-4876-8F67-966CAD7E887D}"
EndProject
Project("{FAE04EC0-301F-11D3-BF4B-00C04F79EFBC}") = "V-PrimesInGivenRange-S", "V-PrimesInGivenRange-S\V-PrimesInGivenRange-S.csproj", "{A299A223-633D-407B-AB07-5FF8AD93CA62}"
EndProject
Global
	GlobalSection(SolutionConfigurationPlatforms) = preSolution
		Debug|Any CPU = Debug|Any CPU
		Release|Any CPU = Release|Any CPU
	EndGlobalSection
	GlobalSection(ProjectConfigurationPlatforms) = postSolution
		{FBF7D48F-D1C3-4B62-B880-2DC0AF65D90C}.Debug|Any CPU.ActiveCfg = Debug|Any CPU
		{FBF7D48F-D1C3-4B62-B880-2DC0AF65D90C}.Debug|Any CPU.Build.0 = Debug|Any CPU
		{FBF7D48F-D1C3-4B62-B880-2DC0AF65D90C}.Release|Any CPU.ActiveCfg = Release|Any CPU
		{FBF7D48F-D1C3-4B62-B880-2DC0AF65D90C}.Release|Any CPU.Build.0 = Release|Any CPU
		{CC7A3A49-CA95-406F-9E31-9D80680D0819}.Debug|Any CPU.ActiveCfg = Debug|Any CPU
		{CC7A3A49-CA95-406F-9E31-9D80680D0819}.Debug|Any CPU.Build.0 = Debug|Any CPU
		{CC7A3A49-CA95-406F-9E31-9D80680D0819}.Release|Any CPU.ActiveCfg = Release|Any CPU
		{CC7A3A49-CA95-406F-9E31-9D80680D0819}.Release|Any CPU.Build.0 = Release|Any CPU
		{75F4FADC-A63A-4F5F-A984-CEFB23064D6F}.Debug|Any CPU.ActiveCfg = Debug|Any CPU
		{75F4FADC-A63A-4F5F-A984-CEFB23064D6F}.Debug|Any CPU.Build.0 = Debug|Any CPU
		{75F4FADC-A63A-4F5F-A984-CEFB23064D6F}.Release|Any CPU.ActiveCfg = Release|Any CPU
		{75F4FADC-A63A-4F5F-A984-CEFB23064D6F}.Release|Any CPU.Build.0 = Release|Any CPU
		{5D2BF378-F8AD-4876-8F67-966CAD7E887D}.Debug|Any CPU.ActiveCfg = Debug|Any CPU
		{5D2BF378-F8AD-4876-8F67-966CAD7E887D}.Debug|Any CPU.Build.0 = Debug|Any CPU
		{5D2BF378-F8AD-4876-8F67-966CAD7E887D}.Release|Any CPU.ActiveCfg = Release|Any CPU
		{5D2BF378-F8AD-4876-8F67-966CAD7E887D}.Release|Any CPU.Build.0 = Release|Any CPU
		{A299A223-633D-407B-AB07-5FF8AD93CA62}.Debug|Any CPU.ActiveCfg = Debug|Any CPU
		{A299A223-633D-407B-AB07-5FF8AD93CA62}.Debug|Any CPU.Build.0 = Debug|Any CPU
		{A299A223-633D-407B-AB07-5FF8AD93CA62}.Release|Any CPU.ActiveCfg = Release|Any CPU
		{A299A223-633D-407B-AB07-5FF8AD93CA62}.Release|Any CPU.Build.0 = Release|Any CPU
	EndGlobalSection
	GlobalSection(SolutionProperties) = preSolution
		HideSolutionNode = FALSE
	EndGlobalSection
EndGlobal
